
Microsoft Visual Studio Solution File, Format Version 12.00
# Visual Studio Version 16
VisualStudioVersion = 16.0.30523.141
MinimumVisualStudioVersion = 10.0.40219.1
Project("{9A19103F-16F7-4668-BE54-9A1E7A4F7556}") = "SolidCompany.Wrappers.WkHtmlToImage", "SolidCompany.Wrappers.WkHtmlToImage\SolidCompany.Wrappers.WkHtmlToImage.csproj", "{4D9340E9-B8BA-4833-A703-14B0DABEFB44}"
EndProject
Project("{2150E333-8FDC-42A3-9474-1A3956D46DE8}") = "Solution Items", "Solution Items", "{421D0FCC-2C68-406A-A7F7-77DFDB4D6C3D}"
	ProjectSection(SolutionItems) = preProject
		Pipelines\build and publish package.yml = Pipelines\build and publish package.yml
		Pipelines\build.yml = Pipelines\build.yml
		README.md = README.md
	EndProjectSection
EndProject
Project("{9A19103F-16F7-4668-BE54-9A1E7A4F7556}") = "SolidCompany.Wrappers.Logging.ApplicationInsights", "SolidCompany.Wrappers.Logging.ApplicationInsights\SolidCompany.Wrappers.Logging.ApplicationInsights.csproj", "{444B5293-8DEA-45D3-9DE8-875CEC405A5A}"
EndProject
Project("{9A19103F-16F7-4668-BE54-9A1E7A4F7556}") = "SolidCompany.Wrappers.Logging.Abstractions", "SolidCompany.Wrappers.Logging.Abstractions\SolidCompany.Wrappers.Logging.Abstractions.csproj", "{91DF125F-28D0-4272-9EA1-A0E4A282D080}"
EndProject
Global
	GlobalSection(SolutionConfigurationPlatforms) = preSolution
		Debug|Any CPU = Debug|Any CPU
		Release|Any CPU = Release|Any CPU
	EndGlobalSection
	GlobalSection(ProjectConfigurationPlatforms) = postSolution
		{4D9340E9-B8BA-4833-A703-14B0DABEFB44}.Debug|Any CPU.ActiveCfg = Debug|Any CPU
		{4D9340E9-B8BA-4833-A703-14B0DABEFB44}.Debug|Any CPU.Build.0 = Debug|Any CPU
		{4D9340E9-B8BA-4833-A703-14B0DABEFB44}.Release|Any CPU.ActiveCfg = Release|Any CPU
		{4D9340E9-B8BA-4833-A703-14B0DABEFB44}.Release|Any CPU.Build.0 = Release|Any CPU
		{444B5293-8DEA-45D3-9DE8-875CEC405A5A}.Debug|Any CPU.ActiveCfg = Debug|Any CPU
		{444B5293-8DEA-45D3-9DE8-875CEC405A5A}.Debug|Any CPU.Build.0 = Debug|Any CPU
		{444B5293-8DEA-45D3-9DE8-875CEC405A5A}.Release|Any CPU.ActiveCfg = Release|Any CPU
		{444B5293-8DEA-45D3-9DE8-875CEC405A5A}.Release|Any CPU.Build.0 = Release|Any CPU
		{91DF125F-28D0-4272-9EA1-A0E4A282D080}.Debug|Any CPU.ActiveCfg = Debug|Any CPU
		{91DF125F-28D0-4272-9EA1-A0E4A282D080}.Debug|Any CPU.Build.0 = Debug|Any CPU
		{91DF125F-28D0-4272-9EA1-A0E4A282D080}.Release|Any CPU.ActiveCfg = Release|Any CPU
		{91DF125F-28D0-4272-9EA1-A0E4A282D080}.Release|Any CPU.Build.0 = Release|Any CPU
	EndGlobalSection
	GlobalSection(SolutionProperties) = preSolution
		HideSolutionNode = FALSE
	EndGlobalSection
	GlobalSection(ExtensibilityGlobals) = postSolution
		SolutionGuid = {A4183B92-3F50-4BE8-BE80-E474607C1CAB}
	EndGlobalSection
EndGlobal
